
Microsoft Visual Studio Solution File, Format Version 12.00
# Visual Studio 2015
Project("{FAE04EC0-301F-11D3-BF4B-00C04F79EFBC}") = "SumoPucks.CSharp", "SumoPucks.CSharp.csproj", "{CC4C7484-1B06-4CAC-F9D4-7CDA69B5D8AF}"
EndProject
Global
	GlobalSection(SolutionConfigurationPlatforms) = preSolution
		Debug|Any CPU = Debug|Any CPU
		Release|Any CPU = Release|Any CPU
	EndGlobalSection
	GlobalSection(ProjectConfigurationPlatforms) = postSolution
		{CC4C7484-1B06-4CAC-F9D4-7CDA69B5D8AF}.Debug|Any CPU.ActiveCfg = Debug|Any CPU
		{CC4C7484-1B06-4CAC-F9D4-7CDA69B5D8AF}.Debug|Any CPU.Build.0 = Debug|Any CPU
		{CC4C7484-1B06-4CAC-F9D4-7CDA69B5D8AF}.Release|Any CPU.ActiveCfg = Release|Any CPU
		{CC4C7484-1B06-4CAC-F9D4-7CDA69B5D8AF}.Release|Any CPU.Build.0 = Release|Any CPU
	EndGlobalSection
	GlobalSection(SolutionProperties) = preSolution
		HideSolutionNode = FALSE
	EndGlobalSection
EndGlobal
